---
lockfileVersion: '9.0'

importers:

  .:
    configDependencies: {}
    packageManagerDependencies:
      pnpm:
        specifier: 12.5.1
        version: 12.5.1

packages:

  '@pnpm/exe.android-arm64@12.5.1':
    resolution: {integrity: sha512-6LGBmQuDzUmgpHSuy+haG0jrmkwFNa4EuShDZqK3cIBv4Wfb75CzjJmowkzr+iJg40vnBKMQ62t4Ko6mwsId7A==}
    cpu: [arm64]
    os: [android]

  '@pnpm/exe.android-x64@12.5.1':
    resolution: {integrity: sha512-091oCltP3Rx89yxL1Wh5rXkUXEyFzyxIzSHKRFDyDFlQkb8Ox8FaDcm+M8PNkMyqnLA+qeGOLzY7Rjj9izl1Ww==}
    cpu: [x64]
    os: [android]

  '@pnpm/exe.darwin-arm64@12.5.1':
    resolution: {integrity: sha512-r1vEMQPVjRexZMyL2HonxJoo3+nuB/+G+tg+f2PK6faRdXX1TDwevKXOxJAfqlPInTy6W/pm912+s+m0NcR4BQ==}
    cpu: [arm64]
    os: [darwin]

  '@pnpm/exe.darwin-x64@12.5.1':
    resolution: {integrity: sha512-YHwI1g2B+Y2cAEylOR31r781GWijdJL7Gy7TEn/ZpZ5v/Cuwp5/Pz0EFCgo0M2MKLafAbL/laUMGvOpAdnerAw==}
    cpu: [x64]
    os: [darwin]

  '@pnpm/exe.freebsd-x64@12.5.1':
    resolution: {integrity: sha512-sFUMHiYFs6q5syFwgaVppzhQSmqnXoJIz/YwTXIOXTDE76ndIpTRpDGAnBCBKjsaEBnqjJA/2l6hpJcNDNoMiA==}
    cpu: [x64]
    os: [freebsd]

  '@pnpm/exe.linux-arm64-musl@12.5.1':
    resolution: {integrity: sha512-zupuxYZBuBEGjUz805/4/Asq01UNziFADANt8yp+LdUjU9bbMa3xY78Bx1PsGDqBy7aiad4sdUMK8ZxH4n4gmQ==}
    cpu: [arm64]
    os: [linux]
    libc: [musl]

  '@pnpm/exe.linux-arm64@12.5.1':
    resolution: {integrity: sha512-6hbMWW2/eQo1b5wvQPe/ndLHVTH88Rav6N+ffD4/h6IuFMjWCgasFYYsFv0GrvpqREAx3SwmZSvli+0NFXqbxA==}
    cpu: [arm64]
    os: [linux]
    libc: [glibc]

  '@pnpm/exe.linux-ppc64@12.5.1':
    resolution: {integrity: sha512-Gg3maDzaE/ZFMV9HIx/BwMN0Y6QbEs13URfxmiYHtKjjLAs5wEQZRMUP87YNLYO7cNaEfbM8GRbS9vPosyD9Gw==}
    cpu: [ppc64]
    os: [linux]
    libc: [glibc]

  '@pnpm/exe.linux-riscv64@12.5.1':
    resolution: {integrity: sha512-6fgWxXYMBMsWQ8DAiRevscX4QZQjwh+FsyCj8ZOk8pMXvqeq84MqBLCmS6KckvnbdqJ+HlSVQ7fs/kd0ldwfhA==}
    cpu: [riscv64]
    os: [linux]
    libc: [glibc]

  '@pnpm/exe.linux-s390x@12.5.1':
    resolution: {integrity: sha512-nzMZruRvxDhEfYUhzu+7EmM39+82Dgagc/6hPFPqGqzXNGcIG0anuxbUxfeNtI64SHt91KuuYUmCB/inlM+Pag==}
    cpu: [s390x]
    os: [linux]
    libc: [glibc]

  '@pnpm/exe.linux-x64-musl@12.5.1':
    resolution: {integrity: sha512-kHCbegdTNHpzmPtUD4S5fqkVkqgdQR47spF9p2VPP3dIIkZl6Ytk8w0vhlAsAGgge8FmucfwX+vvPKgm0NtOCQ==}
    cpu: [x64]
    os: [linux]
    libc: [musl]

  '@pnpm/exe.linux-x64@12.5.1':
    resolution: {integrity: sha512-3PkUBYo5z4dgtlnTNIFj7QGpcDUAuqXz9WGVigPDCeccEnhGiRkWmA5102TmYJHtwJP3LfmE+ZF9PGeWhn8p9Q==}
    cpu: [x64]
    os: [linux]
    libc: [glibc]

  '@pnpm/exe.win32-arm64@12.5.1':
    resolution: {integrity: sha512-49NvjZIXHly56/PLoEDD7VphbO4N8dwMXoApElDFCpVGDNGeKlwlib1tXtnpTF6i2/XIsAj7GgatHB5KHXgBnA==}
    cpu: [arm64]
    os: [win32]

  '@pnpm/exe.win32-x64@12.5.1':
    resolution: {integrity: sha512-ePUmQFPAPJFNMwg1lelDx2PdjHqYRiF0yfg5e6qeDbPNOu97QNo557Ru/SxmCrmt8ydQWNuZXWpdEp019md5vw==}
    cpu: [x64]
    os: [win32]

  pnpm@12.5.1:
    resolution: {integrity: sha512-4/MFvHhKK8ifWtO2E4iJRw+ujSr182thIW7JHCw9ZAiXdfneOKrDMQROpA8kXLDVZmOS399lgk4ZB+9qLGLeXw==}
    engines: {node: '>=18.*'}
    hasBin: true

snapshots:

  '@pnpm/exe.android-arm64@12.5.1':
    optional: true

  '@pnpm/exe.android-x64@12.5.1':
    optional: true

  '@pnpm/exe.darwin-arm64@12.5.1':
    optional: true

  '@pnpm/exe.darwin-x64@12.5.1':
    optional: true

  '@pnpm/exe.freebsd-x64@12.5.1':
    optional: true

  '@pnpm/exe.linux-arm64-musl@12.5.1':
    optional: true

  '@pnpm/exe.linux-arm64@12.5.1':
    optional: true

  '@pnpm/exe.linux-ppc64@12.5.1':
    optional: true

  '@pnpm/exe.linux-riscv64@12.5.1':
    optional: true

  '@pnpm/exe.linux-s390x@12.5.1':
    optional: true

  '@pnpm/exe.linux-x64-musl@12.5.1':
    optional: true

  '@pnpm/exe.linux-x64@12.5.1':
    optional: true

  '@pnpm/exe.win32-arm64@12.5.1':
    optional: true

  '@pnpm/exe.win32-x64@12.5.1':
    optional: true

  pnpm@12.5.1:
    optionalDependencies:
      '@pnpm/exe.android-arm64': 12.5.1
      '@pnpm/exe.android-x64': 12.5.1
      '@pnpm/exe.darwin-arm64': 12.5.1
      '@pnpm/exe.darwin-x64': 12.5.1
      '@pnpm/exe.freebsd-x64': 12.5.1
      '@pnpm/exe.linux-arm64': 12.5.1
      '@pnpm/exe.linux-arm64-musl': 12.5.1
      '@pnpm/exe.linux-ppc64': 12.5.1
      '@pnpm/exe.linux-riscv64': 12.5.1
      '@pnpm/exe.linux-s390x': 12.5.1
      '@pnpm/exe.linux-x64': 12.5.1
      '@pnpm/exe.linux-x64-musl': 12.5.1
      '@pnpm/exe.win32-arm64': 12.5.1
      '@pnpm/exe.win32-x64': 12.5.1

---
lockfileVersion: '9.0'

settings:
  autoInstallPeers: true
  excludeLinksFromLockfile: false

importers:

  .:
    dependencies:
      '@types/node':
        specifier: ^26.6.2
        version: 26.6.2
      typescript:
        specifier: ^7.0.2
        version: 7.0.2

  gkd-selector:
    dependencies:
      regex-wasm:
        specifier: ^0.1.1
        version: 0.1.1

packages:

  '@types/node@26.6.2':
    resolution: {integrity: sha512-X1P21scMv4zGKLYqjdGjaKa7COa0RKVYYZZN/NfvLQ1JegxFhdhpZG/Lyn8AXx6CDUavKAd11v6BvfpkDByK8g==}

  '@typescript/typescript-aix-ppc64@7.0.2':
    resolution: {integrity: sha512-MTKKkWB7p/0E9xi1d1tHtZ5PiLkGEMIq88pK2CubZjOsLtYTLqhgIgi6zepFa+9GHZ6h05NMCkQxGKiPXMxXtQ==}
    engines: {node: '>=16.20.0'}
    cpu: [ppc64]
    os: [aix]

  '@typescript/typescript-darwin-arm64@7.0.2':
    resolution: {integrity: sha512-gowzar9MwS/aRWp6f3a4KUqzRjAZjOsmGNCM6LcTgXum+dBfgsBVMN+AgvOCCbguXyick6LJhpBszxMebJ8syA==}
    engines: {node: '>=16.20.0'}
    cpu: [arm64]
    os: [darwin]

  '@typescript/typescript-darwin-x64@7.0.2':
    resolution: {integrity: sha512-SZ9xZInqApNlNGc9s0W1VSsktYSOe9cFqNOIqmN1Gs8SmkjKZYFt017G4VwPxASInODuAdbTW7sXiFUf893RgA==}
    engines: {node: '>=16.20.0'}
    cpu: [x64]
    os: [darwin]

  '@typescript/typescript-freebsd-arm64@7.0.2':
    resolution: {integrity: sha512-W5NH4y/J0plIIS5b2xvTEkU7JFxyqdMAOgf+Ilhl0vHQXKO5dZoxd+C/jEtq56c4F3wk71RB4BMRQ2XdI+bwYQ==}
    engines: {node: '>=16.20.0'}
    cpu: [arm64]
    os: [freebsd]

  '@typescript/typescript-freebsd-x64@7.0.2':
    resolution: {integrity: sha512-UMGDx5sTpzNw3WiPebH7l90IWfJggEd+egHt/q6p7/Cm3zqoV7VxkGXt+3DxPIw8CcmvAB0j3sVVfbhX+M4Tpw==}
    engines: {node: '>=16.20.0'}
    cpu: [x64]
    os: [freebsd]

  '@typescript/typescript-linux-arm64@7.0.2':
    resolution: {integrity: sha512-Qh4eU4/y3yDjnfjjyPYihMj5/ODIlmt+Bzu17OI+fiSRDW57QmU5SiN63exPRNJPKUzcc1INa1NXdrJ+MqHjUQ==}
    engines: {node: '>=16.20.0'}
    cpu: [arm64]
    os: [linux]

  '@typescript/typescript-linux-arm@7.0.2':
    resolution: {integrity: sha512-gffT3xPz9sR7j/YJExkyPntrI0P2EP9XbOyWzth2/Gs0RstK+90RBcO0ncXoXy/beYll1SXw846Nf2zdnEz0QQ==}
    engines: {node: '>=16.20.0'}
    cpu: [arm]
    os: [linux]

  '@typescript/typescript-linux-loong64@7.0.2':
    resolution: {integrity: sha512-uEHck9i8hoAzXPiYRib1O7miOnz23SxIeVl6F4LXox+qov1K35jHcEW6VHKvZI+pyvl7fZEP4MCU5LYvIq1GuQ==}
    engines: {node: '>=16.20.0'}
    cpu: [loong64]
    os: [linux]

  '@typescript/typescript-linux-mips64el@7.0.2':
    resolution: {integrity: sha512-R4KvAMnE43W5Qeqb0Ly56O3mWMWIAgsMyz36DCaycd5nbg/9kzm0liw3JocfRqyJY0KPmzFjbswozXyW0DnIYA==}
    engines: {node: '>=16.20.0'}
    cpu: [mips64el]
    os: [linux]

  '@typescript/typescript-linux-ppc64@7.0.2':
    resolution: {integrity: sha512-DORx5b3sd/4S7eayxm4FQv+A7CrkUIGRaHiwI8oiHTAI1fAPWhF4J0vAlkC8biAlHSVVwxMQ3tjZ2/DVbnQiiA==}
    engines: {node: '>=16.20.0'}
    cpu: [ppc64]
    os: [linux]

  '@typescript/typescript-linux-riscv64@7.0.2':
    resolution: {integrity: sha512-wf0jqEDOjrPRnKwYRyyJDRo11KMbvMFrU+q4zqKyChODBzvlkbhNQfKvLxQCcwTpdDaXSHZTVuh0JoCrKCUMHQ==}
    engines: {node: '>=16.20.0'}
    cpu: [riscv64]
    os: [linux]

  '@typescript/typescript-linux-s390x@7.0.2':
    resolution: {integrity: sha512-IkwJc3L7yhytWd/ewjyxNDfOmswCm9GWMJT/ue/dU4aZNbwZeYAetq42VyLmsmSjvoX7z74X6ZaYCtzAr0EuGw==}
    engines: {node: '>=16.20.0'}
    cpu: [s390x]
    os: [linux]

  '@typescript/typescript-linux-x64@7.0.2':
    resolution: {integrity: sha512-EYdf2cNg7rgCWJnxCdJ+F3V39O8ihb37eHAu1LK8oAFizgTQbPOK7zHHXbPt8rX24COqODXeI3sIf0fCXG7H/A==}
    engines: {node: '>=16.20.0'}
    cpu: [x64]
    os: [linux]

  '@typescript/typescript-netbsd-arm64@7.0.2':
    resolution: {integrity: sha512-+polYF4MF04aPpO5FTkHran9yUQDSXqy5GiSDKpsll5jy3l3+g9QLhpf39T+ePtefhXLOGrLl0QIjkQP6VnelA==}
    engines: {node: '>=16.20.0'}
    cpu: [arm64]
    os: [netbsd]

  '@typescript/typescript-netbsd-x64@7.0.2':
    resolution: {integrity: sha512-8YIT0EHM/3dq10ZOVF/A7pc/YSMtbcecct4rWtexrnSCHOPcpC2KTLXfTCR6vDpnSiY12heNb1GiN/wu+T/FyA==}
    engines: {node: '>=16.20.0'}
    cpu: [x64]
    os: [netbsd]

  '@typescript/typescript-openbsd-arm64@7.0.2':
    resolution: {integrity: sha512-APT8+ClYnuYm1u9+kgGXoMj2VzWzcymwh2gNSQVySHfkRDGOTVkoWLjCmOQSaO+PoqQ57B0flRp9SA+7GnnkzQ==}
    engines: {node: '>=16.20.0'}
    cpu: [arm64]
    os: [openbsd]

  '@typescript/typescript-openbsd-x64@7.0.2':
    resolution: {integrity: sha512-yX7s+Q0Dln0Dt9tEzZsAjXXR/+ytBM7AlglaqyeMPxQszJ1JhlJdZ6jLA+IzldHtflX81em7lDao1xXu+aRRkg==}
    engines: {node: '>=16.20.0'}
    cpu: [x64]
    os: [openbsd]

  '@typescript/typescript-sunos-x64@7.0.2':
    resolution: {integrity: sha512-dLJDGaLZ1D4HPQn62u1n8mBDkJREwMsAkCdkwd4Ieqw+x3TUyTsqY0YiBCtE6H6OzzgGk3iuZ3vFWRS+E8/d1g==}
    engines: {node: '>=16.20.0'}
    cpu: [x64]
    os: [sunos]

  '@typescript/typescript-win32-arm64@7.0.2':
    resolution: {integrity: sha512-Gyl1Vy6OsWesLzmq+EP0Fb7b4Nid5232AvcA2SFcdYreldpNtYFFofPjnt62y9hQy7VTaZp65ICJjuAQRaVcIQ==}
    engines: {node: '>=16.20.0'}
    cpu: [arm64]
    os: [win32]

  '@typescript/typescript-win32-x64@7.0.2':
    resolution: {integrity: sha512-0BQ3HkAHHlKLSp1qRvf3SUhGpGsDuhB/jgFw75guyqbxJqEaS0Cw/VFO8i2nHglJUzQCRtMMR/IBAKE3ETMC4g==}
    engines: {node: '>=16.20.0'}
    cpu: [x64]
    os: [win32]

  regex-wasm@0.1.1:
    resolution: {integrity: sha512-bWkfffC4bnzYbKxqDTGEZYBBiy1g6e94rZ+mXAx2KvaimO0Hb9RAY1eom7l7yRZwFOyjRlhdB8mVnmkJR8rDEw==}

  typescript@7.0.2:
    resolution: {integrity: sha512-8FYau96o3NKOhbjKi/qNvG/W5jhzxkbdm5sj9AbZ/5T5sWqn3hJgLfGx27sRKZWTvyzCP8dLRBTf5tBTSRVUNA==}
    engines: {node: '>=16.20.0'}
    hasBin: true

  undici-types@8.9.0:
    resolution: {integrity: sha512-KTDyRTYX8sWmKXAikPHHSyc63CRPETMctyjKFupcC6OBLXT3xsN0e9aF7m+mIXutFWpUXuedtowG7iLOzp0kQg==}

snapshots:

  '@types/node@26.6.2':
    dependencies:
      undici-types: 8.9.0

  '@typescript/typescript-aix-ppc64@7.0.2':
    optional: true

  '@typescript/typescript-darwin-arm64@7.0.2':
    optional: true

  '@typescript/typescript-darwin-x64@7.0.2':
    optional: true

  '@typescript/typescript-freebsd-arm64@7.0.2':
    optional: true

  '@typescript/typescript-freebsd-x64@7.0.2':
    optional: true

  '@typescript/typescript-linux-arm64@7.0.2':
    optional: true

  '@typescript/typescript-linux-arm@7.0.2':
    optional: true

  '@typescript/typescript-linux-loong64@7.0.2':
    optional: true

  '@typescript/typescript-linux-mips64el@7.0.2':
    optional: true

  '@typescript/typescript-linux-ppc64@7.0.2':
    optional: true

  '@typescript/typescript-linux-riscv64@7.0.2':
    optional: true

  '@typescript/typescript-linux-s390x@7.0.2':
    optional: true

  '@typescript/typescript-linux-x64@7.0.2':
    optional: true

  '@typescript/typescript-netbsd-arm64@7.0.2':
    optional: true

  '@typescript/typescript-netbsd-x64@7.0.2':
    optional: true

  '@typescript/typescript-openbsd-arm64@7.0.2':
    optional: true

  '@typescript/typescript-openbsd-x64@7.0.2':
    optional: true

  '@typescript/typescript-sunos-x64@7.0.2':
    optional: true

  '@typescript/typescript-win32-arm64@7.0.2':
    optional: true

  '@typescript/typescript-win32-x64@7.0.2':
    optional: true

  regex-wasm@0.1.1: {}

  typescript@7.0.2:
    optionalDependencies:
      '@typescript/typescript-aix-ppc64': 7.0.2
      '@typescript/typescript-darwin-arm64': 7.0.2
      '@typescript/typescript-darwin-x64': 7.0.2
      '@typescript/typescript-freebsd-arm64': 7.0.2
      '@typescript/typescript-freebsd-x64': 7.0.2
      '@typescript/typescript-linux-arm': 7.0.2
      '@typescript/typescript-linux-arm64': 7.0.2
      '@typescript/typescript-linux-loong64': 7.0.2
      '@typescript/typescript-linux-mips64el': 7.0.2
      '@typescript/typescript-linux-ppc64': 7.0.2
      '@typescript/typescript-linux-riscv64': 7.0.2
      '@typescript/typescript-linux-s390x': 7.0.2
      '@typescript/typescript-linux-x64': 7.0.2
      '@typescript/typescript-netbsd-arm64': 7.0.2
      '@typescript/typescript-netbsd-x64': 7.0.2
      '@typescript/typescript-openbsd-arm64': 7.0.2
      '@typescript/typescript-openbsd-x64': 7.0.2
      '@typescript/typescript-sunos-x64': 7.0.2
      '@typescript/typescript-win32-arm64': 7.0.2
      '@typescript/typescript-win32-x64': 7.0.2

  undici-types@8.9.0: {}
